
Microsoft Visual Studio Solution File, Format Version 12.00
# Visual Studio Version 17
VisualStudioVersion = 17.10.35013.160
MinimumVisualStudioVersion = 10.0.40219.1
Project("{FAE04EC0-301F-11D3-BF4B-00C04F79EFBC}") = "samplemonogame", "samplemonogame\samplemonogame.csproj", "{47F484E7-2207-47CD-844A-BB8F17D887BF}"
EndProject
Global
	GlobalSection(SolutionConfigurationPlatforms) = preSolution
		Debug|Any CPU = Debug|Any CPU
		Release|Any CPU = Release|Any CPU
	EndGlobalSection
	GlobalSection(ProjectConfigurationPlatforms) = postSolution
		{47F484E7-2207-47CD-844A-BB8F17D887BF}.Debug|Any CPU.ActiveCfg = Debug|Any CPU
		{47F484E7-2207-47CD-844A-BB8F17D887BF}.Debug|Any CPU.Build.0 = Debug|Any CPU
		{47F484E7-2207-47CD-844A-BB8F17D887BF}.Release|Any CPU.ActiveCfg = Release|Any CPU
		{47F484E7-2207-47CD-844A-BB8F17D887BF}.Release|Any CPU.Build.0 = Release|Any CPU
	EndGlobalSection
	GlobalSection(SolutionProperties) = preSolution
		HideSolutionNode = FALSE
	EndGlobalSection
	GlobalSection(ExtensibilityGlobals) = postSolution
		SolutionGuid = {D7F94AEC-BCDF-4E6B-A55C-2759A40FC169}
	EndGlobalSection
EndGlobal
